// !$*UTF8*$!
{
	archiveVersion = 1;
	classes = {
	};
	objectVersion = 56;
	objects = {

/* Begin PBXBuildFile section */
		71CF74122ADD83DD00449A4D /* Launch Screen.storyboard in Resources */ = {isa = PBXBuildFile; fileRef = 71CF74112ADD83DD00449A4D /* Launch Screen.storyboard */; };
		71FD4B7E2ADA22E4003F53A7 /* FirebaseAuth in Frameworks */ = {isa = PBXBuildFile; productRef = 71FD4B7D2ADA22E4003F53A7 /* FirebaseAuth */; };
		71FD4B802ADA22E4003F53A7 /* FirebaseFirestore in Frameworks */ = {isa = PBXBuildFile; productRef = 71FD4B7F2ADA22E4003F53A7 /* FirebaseFirestore */; };
		71FD4B822ADA22E4003F53A7 /* FirebaseFirestoreSwift in Frameworks */ = {isa = PBXBuildFile; productRef = 71FD4B812ADA22E4003F53A7 /* FirebaseFirestoreSwift */; };
		71FD4B852ADB7339003F53A7 /* ProfileView.swift in Sources */ = {isa = PBXBuildFile; fileRef = 71FD4B842ADB7339003F53A7 /* ProfileView.swift */; };
		71FD4B872ADB7355003F53A7 /* ToDoListView.swift in Sources */ = {isa = PBXBuildFile; fileRef = 71FD4B862ADB7355003F53A7 /* ToDoListView.swift */; };
		71FD4B892ADB7363003F53A7 /* NewItemView.swift in Sources */ = {isa = PBXBuildFile; fileRef = 71FD4B882ADB7363003F53A7 /* NewItemView.swift */; };
		71FD4B8B2ADB736E003F53A7 /* LoginView.swift in Sources */ = {isa = PBXBuildFile; fileRef = 71FD4B8A2ADB736E003F53A7 /* LoginView.swift */; };
		71FD4B8D2ADB7376003F53A7 /* RegisterView.swift in Sources */ = {isa = PBXBuildFile; fileRef = 71FD4B8C2ADB7376003F53A7 /* RegisterView.swift */; };
		71FD4B8F2ADB7397003F53A7 /* ToDoListItemView.swift in Sources */ = {isa = PBXBuildFile; fileRef = 71FD4B8E2ADB7397003F53A7 /* ToDoListItemView.swift */; };
		71FD4B912ADB73CB003F53A7 /* User.swift in Sources */ = {isa = PBXBuildFile; fileRef = 71FD4B902ADB73CB003F53A7 /* User.swift */; };
		71FD4B932ADB73D3003F53A7 /* ToDoListItem.swift in Sources */ = {isa = PBXBuildFile; fileRef = 71FD4B922ADB73D3003F53A7 /* ToDoListItem.swift */; };
		71FD4B952ADB73F0003F53A7 /* MainViewViewModel.swift in Sources */ = {isa = PBXBuildFile; fileRef = 71FD4B942ADB73F0003F53A7 /* MainViewViewModel.swift */; };
		71FD4B972ADB73F9003F53A7 /* ProfileViewViewModel.swift in Sources */ = {isa = PBXBuildFile; fileRef = 71FD4B962ADB73F9003F53A7 /* ProfileViewViewModel.swift */; };
		71FD4B992ADB7407003F53A7 /* ToDoListViewViewModel.swift in Sources */ = {isa = PBXBuildFile; fileRef = 71FD4B982ADB7407003F53A7 /* ToDoListViewViewModel.swift */; };
		71FD4B9B2ADB7414003F53A7 /* NewItemViewViewModel.swift in Sources */ = {isa = PBXBuildFile; fileRef = 71FD4B9A2ADB7414003F53A7 /* NewItemViewViewModel.swift */; };
		71FD4B9D2ADB741E003F53A7 /* LoginViewViewModel.swift in Sources */ = {isa = PBXBuildFile; fileRef = 71FD4B9C2ADB741E003F53A7 /* LoginViewViewModel.swift */; };
		71FD4B9F2ADB7429003F53A7 /* RegisterViewViewModel.swift in Sources */ = {isa = PBXBuildFile; fileRef = 71FD4B9E2ADB7429003F53A7 /* RegisterViewViewModel.swift */; };
		71FD4BA12ADB7439003F53A7 /* ToDoListItemViewViewModel.swift in Sources */ = {isa = PBXBuildFile; fileRef = 71FD4BA02ADB7439003F53A7 /* ToDoListItemViewViewModel.swift */; };
		71FD4BA32ADB7680003F53A7 /* HeaderView.swift in Sources */ = {isa = PBXBuildFile; fileRef = 71FD4BA22ADB7680003F53A7 /* HeaderView.swift */; };
		71FD4BA52ADB7EAF003F53A7 /* TLButton.swift in Sources */ = {isa = PBXBuildFile; fileRef = 71FD4BA42ADB7EAF003F53A7 /* TLButton.swift */; };
		71FD4BA72ADB8E1D003F53A7 /* Extensions.swift in Sources */ = {isa = PBXBuildFile; fileRef = 71FD4BA62ADB8E1D003F53A7 /* Extensions.swift */; };
		FCEDDA872AC7B1E400CFE199 /* ToDoListApp.swift in Sources */ = {isa = PBXBuildFile; fileRef = FCEDDA862AC7B1E400CFE199 /* ToDoListApp.swift */; };
		FCEDDA892AC7B1E400CFE199 /* MainView.swift in Sources */ = {isa = PBXBuildFile; fileRef = FCEDDA882AC7B1E400CFE199 /* MainView.swift */; };
		FCEDDA8B2AC7B1E700CFE199 /* Assets.xcassets in Resources */ = {isa = PBXBuildFile; fileRef = FCEDDA8A2AC7B1E700CFE199 /* Assets.xcassets */; };
		FCEDDA8E2AC7B1E700CFE199 /* Preview Assets.xcassets in Resources */ = {isa = PBXBuildFile; fileRef = FCEDDA8D2AC7B1E700CFE199 /* Preview Assets.xcassets */; };
		FCEDDACC2AC7B55B00CFE199 /* GoogleService-Info.plist in Resources */ = {isa = PBXBuildFile; fileRef = FCEDDACB2AC7B55B00CFE199 /* GoogleService-Info.plist */; };
		FCEDDAD92AC7BA3B00CFE199 /* ToDoListTests.swift in Sources */ = {isa = PBXBuildFile; fileRef = FCEDDAD82AC7BA3B00CFE199 /* ToDoListTests.swift */; };
/* End PBXBuildFile section */

/* Begin PBXContainerItemProxy section */
		FCEDDADA2AC7BA3B00CFE199 /* PBXContainerItemProxy */ = {
			isa = PBXContainerItemProxy;
			containerPortal = FCEDDA7B2AC7B1E400CFE199 /* Project object */;
			proxyType = 1;
			remoteGlobalIDString = FCEDDA822AC7B1E400CFE199;
			remoteInfo = ToDoList;
		};
/* End PBXContainerItemProxy section */

/* Begin PBXFileReference section */
		71CF74112ADD83DD00449A4D /* Launch Screen.storyboard */ = {isa = PBXFileReference; lastKnownFileType = file.storyboard; path = "Launch Screen.storyboard"; sourceTree = "<group>"; };
		71FD4B842ADB7339003F53A7 /* ProfileView.swift */ = {isa = PBXFileReference; lastKnownFileType = sourcecode.swift; path = ProfileView.swift; sourceTree = "<group>"; };
		71FD4B862ADB7355003F53A7 /* ToDoListView.swift */ = {isa = PBXFileReference; lastKnownFileType = sourcecode.swift; path = ToDoListView.swift; sourceTree = "<group>"; };
		71FD4B882ADB7363003F53A7 /* NewItemView.swift */ = {isa = PBXFileReference; lastKnownFileType = sourcecode.swift; path = NewItemView.swift; sourceTree = "<group>"; };
		71FD4B8A2ADB736E003F53A7 /* LoginView.swift */ = {isa = PBXFileReference; lastKnownFileType = sourcecode.swift; path = LoginView.swift; sourceTree = "<group>"; };
		71FD4B8C2ADB7376003F53A7 /* RegisterView.swift */ = {isa = PBXFileReference; lastKnownFileType = sourcecode.swift; path = RegisterView.swift; sourceTree = "<group>"; };
		71FD4B8E2ADB7397003F53A7 /* ToDoListItemView.swift */ = {isa = PBXFileReference; lastKnownFileType = sourcecode.swift; path = ToDoListItemView.swift; sourceTree = "<group>"; };
		71FD4B902ADB73CB003F53A7 /* User.swift */ = {isa = PBXFileReference; lastKnownFileType = sourcecode.swift; name = User.swift; path = ToDoList/Views/User.swift; sourceTree = SOURCE_ROOT; };
		71FD4B922ADB73D3003F53A7 /* ToDoListItem.swift */ = {isa = PBXFileReference; lastKnownFileType = sourcecode.swift; name = ToDoListItem.swift; path = ToDoList/Views/ToDoListItem.swift; sourceTree = SOURCE_ROOT; };
		71FD4B942ADB73F0003F53A7 /* MainViewViewModel.swift */ = {isa = PBXFileReference; lastKnownFileType = sourcecode.swift; name = MainViewViewModel.swift; path = ToDoList/Views/MainViewViewModel.swift; sourceTree = SOURCE_ROOT; };
		71FD4B962ADB73F9003F53A7 /* ProfileViewViewModel.swift */ = {isa = PBXFileReference; lastKnownFileType = sourcecode.swift; name = ProfileViewViewModel.swift; path = ToDoList/Views/ProfileViewViewModel.swift; sourceTree = SOURCE_ROOT; };
		71FD4B982ADB7407003F53A7 /* ToDoListViewViewModel.swift */ = {isa = PBXFileReference; lastKnownFileType = sourcecode.swift; name = ToDoListViewViewModel.swift; path = ToDoList/Views/ToDoListViewViewModel.swift; sourceTree = SOURCE_ROOT; };
		71FD4B9A2ADB7414003F53A7 /* NewItemViewViewModel.swift */ = {isa = PBXFileReference; lastKnownFileType = sourcecode.swift; name = NewItemViewViewModel.swift; path = ToDoList/Views/NewItemViewViewModel.swift; sourceTree = SOURCE_ROOT; };
		71FD4B9C2ADB741E003F53A7 /* LoginViewViewModel.swift */ = {isa = PBXFileReference; lastKnownFileType = sourcecode.swift; name = LoginViewViewModel.swift; path = ToDoList/Views/LoginViewViewModel.swift; sourceTree = SOURCE_ROOT; };
		71FD4B9E2ADB7429003F53A7 /* RegisterViewViewModel.swift */ = {isa = PBXFileReference; lastKnownFileType = sourcecode.swift; name = RegisterViewViewModel.swift; path = ToDoList/Views/RegisterViewViewModel.swift; sourceTree = SOURCE_ROOT; };
		71FD4BA02ADB7439003F53A7 /* ToDoListItemViewViewModel.swift */ = {isa = PBXFileReference; lastKnownFileType = sourcecode.swift; name = ToDoListItemViewViewModel.swift; path = ToDoList/Views/ToDoListItemViewViewModel.swift; sourceTree = SOURCE_ROOT; };
		71FD4BA22ADB7680003F53A7 /* HeaderView.swift */ = {isa = PBXFileReference; lastKnownFileType = sourcecode.swift; path = HeaderView.swift; sourceTree = "<group>"; };
		71FD4BA42ADB7EAF003F53A7 /* TLButton.swift */ = {isa = PBXFileReference; lastKnownFileType = sourcecode.swift; path = TLButton.swift; sourceTree = "<group>"; };
		71FD4BA62ADB8E1D003F53A7 /* Extensions.swift */ = {isa = PBXFileReference; lastKnownFileType = sourcecode.swift; path = Extensions.swift; sourceTree = "<group>"; };
		FCEDDA832AC7B1E400CFE199 /* ToDoList.app */ = {isa = PBXFileReference; explicitFileType = wrapper.application; includeInIndex = 0; path = ToDoList.app; sourceTree = BUILT_PRODUCTS_DIR; };
		FCEDDA862AC7B1E400CFE199 /* ToDoListApp.swift */ = {isa = PBXFileReference; lastKnownFileType = sourcecode.swift; path = ToDoListApp.swift; sourceTree = "<group>"; };
		FCEDDA882AC7B1E400CFE199 /* MainView.swift */ = {isa = PBXFileReference; lastKnownFileType = sourcecode.swift; path = MainView.swift; sourceTree = "<group>"; };
		FCEDDA8A2AC7B1E700CFE199 /* Assets.xcassets */ = {isa = PBXFileReference; lastKnownFileType = folder.assetcatalog; path = Assets.xcassets; sourceTree = "<group>"; };
		FCEDDA8D2AC7B1E700CFE199 /* Preview Assets.xcassets */ = {isa = PBXFileReference; lastKnownFileType = folder.assetcatalog; path = "Preview Assets.xcassets"; sourceTree = "<group>"; };
		FCEDDACB2AC7B55B00CFE199 /* GoogleService-Info.plist */ = {isa = PBXFileReference; fileEncoding = 4; lastKnownFileType = text.plist.xml; path = "GoogleService-Info.plist"; sourceTree = "<group>"; };
		FCEDDAD62AC7BA3B00CFE199 /* ToDoListTests.xctest */ = {isa = PBXFileReference; explicitFileType = wrapper.cfbundle; includeInIndex = 0; path = ToDoListTests.xctest; sourceTree = BUILT_PRODUCTS_DIR; };
		FCEDDAD82AC7BA3B00CFE199 /* ToDoListTests.swift */ = {isa = PBXFileReference; lastKnownFileType = sourcecode.swift; path = ToDoListTests.swift; sourceTree = "<group>"; };
/* End PBXFileReference section */

/* Begin PBXFrameworksBuildPhase section */
		FCEDDA802AC7B1E400CFE199 /* Frameworks */ = {
			isa = PBXFrameworksBuildPhase;
			buildActionMask = 2147483647;
			files = (
				71FD4B7E2ADA22E4003F53A7 /* FirebaseAuth in Frameworks */,
				71FD4B802ADA22E4003F53A7 /* FirebaseFirestore in Frameworks */,
				71FD4B822ADA22E4003F53A7 /* FirebaseFirestoreSwift in Frameworks */,
			);
			runOnlyForDeploymentPostprocessing = 0;
		};
		FCEDDAD32AC7BA3B00CFE199 /* Frameworks */ = {
			isa = PBXFrameworksBuildPhase;
			buildActionMask = 2147483647;
			files = (
			);
			runOnlyForDeploymentPostprocessing = 0;
		};
/* End PBXFrameworksBuildPhase section */

/* Begin PBXGroup section */
		FCEDDA7A2AC7B1E400CFE199 = {
			isa = PBXGroup;
			children = (
				FCEDDA852AC7B1E400CFE199 /* ToDoList */,
				FCEDDAD72AC7BA3B00CFE199 /* ToDoListTests */,
				FCEDDA842AC7B1E400CFE199 /* Products */,
			);
			sourceTree = "<group>";
		};
		FCEDDA842AC7B1E400CFE199 /* Products */ = {
			isa = PBXGroup;
			children = (
				FCEDDA832AC7B1E400CFE199 /* ToDoList.app */,
				FCEDDAD62AC7BA3B00CFE199 /* ToDoListTests.xctest */,
			);
			name = Products;
			sourceTree = "<group>";
		};
		FCEDDA852AC7B1E400CFE199 /* ToDoList */ = {
			isa = PBXGroup;
			children = (
				FCEDDAD02AC7B7AB00CFE199 /* Other */,
				FCEDDACF2AC7B79500CFE199 /* Models */,
				FCEDDACE2AC7B77B00CFE199 /* ViewModels */,
				FCEDDACD2AC7B77400CFE199 /* Views */,
				FCEDDA8C2AC7B1E700CFE199 /* Preview Content */,
			);
			path = ToDoList;
			sourceTree = "<group>";
		};
		FCEDDA8C2AC7B1E700CFE199 /* Preview Content */ = {
			isa = PBXGroup;
			children = (
				FCEDDA8D2AC7B1E700CFE199 /* Preview Assets.xcassets */,
			);
			path = "Preview Content";
			sourceTree = "<group>";
		};
		FCEDDACD2AC7B77400CFE199 /* Views */ = {
			isa = PBXGroup;
			children = (
				FCEDDA882AC7B1E400CFE199 /* MainView.swift */,
				71FD4B842ADB7339003F53A7 /* ProfileView.swift */,
				71FD4B862ADB7355003F53A7 /* ToDoListView.swift */,
				71FD4B882ADB7363003F53A7 /* NewItemView.swift */,
				71FD4B8A2ADB736E003F53A7 /* LoginView.swift */,
				71FD4B8C2ADB7376003F53A7 /* RegisterView.swift */,
				71FD4B8E2ADB7397003F53A7 /* ToDoListItemView.swift */,
				71FD4BA22ADB7680003F53A7 /* HeaderView.swift */,
				71FD4BA42ADB7EAF003F53A7 /* TLButton.swift */,
			);
			path = Views;
			sourceTree = "<group>";
		};
		FCEDDACE2AC7B77B00CFE199 /* ViewModels */ = {
			isa = PBXGroup;
			children = (
				71FD4B942ADB73F0003F53A7 /* MainViewViewModel.swift */,
				71FD4B962ADB73F9003F53A7 /* ProfileViewViewModel.swift */,
				71FD4B982ADB7407003F53A7 /* ToDoListViewViewModel.swift */,
				71FD4B9A2ADB7414003F53A7 /* NewItemViewViewModel.swift */,
				71FD4B9C2ADB741E003F53A7 /* LoginViewViewModel.swift */,
				71FD4B9E2ADB7429003F53A7 /* RegisterViewViewModel.swift */,
				71FD4BA02ADB7439003F53A7 /* ToDoListItemViewViewModel.swift */,
			);
			path = ViewModels;
			sourceTree = "<group>";
		};
		FCEDDACF2AC7B79500CFE199 /* Models */ = {
			isa = PBXGroup;
			children = (
				71FD4B902ADB73CB003F53A7 /* User.swift */,
				71FD4B922ADB73D3003F53A7 /* ToDoListItem.swift */,
			);
			path = Models;
			sourceTree = "<group>";
		};
		FCEDDAD02AC7B7AB00CFE199 /* Other */ = {
			isa = PBXGroup;
			children = (
				FCEDDA8A2AC7B1E700CFE199 /* Assets.xcassets */,
				FCEDDACB2AC7B55B00CFE199 /* GoogleService-Info.plist */,
				FCEDDA862AC7B1E400CFE199 /* ToDoListApp.swift */,
				71FD4BA62ADB8E1D003F53A7 /* Extensions.swift */,
				71CF74112ADD83DD00449A4D /* Launch Screen.storyboard */,
			);
			path = Other;
			sourceTree = "<group>";
		};
		FCEDDAD72AC7BA3B00CFE199 /* ToDoListTests */ = {
			isa = PBXGroup;
			children = (
				FCEDDAD82AC7BA3B00CFE199 /* ToDoListTests.swift */,
			);
			path = ToDoListTests;
			sourceTree = "<group>";
		};
/* End PBXGroup section */

/* Begin PBXNativeTarget section */
		FCEDDA822AC7B1E400CFE199 /* ToDoList */ = {
			isa = PBXNativeTarget;
			buildConfigurationList = FCEDDA912AC7B1E700CFE199 /* Build configuration list for PBXNativeTarget "ToDoList" */;
			buildPhases = (
				FCEDDA7F2AC7B1E400CFE199 /* Sources */,
				FCEDDA802AC7B1E400CFE199 /* Frameworks */,
				FCEDDA812AC7B1E400CFE199 /* Resources */,
			);
			buildRules = (
			);
			dependencies = (
			);
			name = ToDoList;
			packageProductDependencies = (
				71FD4B7D2ADA22E4003F53A7 /* FirebaseAuth */,
				71FD4B7F2ADA22E4003F53A7 /* FirebaseFirestore */,
				71FD4B812ADA22E4003F53A7 /* FirebaseFirestoreSwift */,
			);
			productName = ToDoList;
			productReference = FCEDDA832AC7B1E400CFE199 /* ToDoList.app */;
			productType = "com.apple.product-type.application";
		};
		FCEDDAD52AC7BA3B00CFE199 /* ToDoListTests */ = {
			isa = PBXNativeTarget;
			buildConfigurationList = FCEDDADC2AC7BA3B00CFE199 /* Build configuration list for PBXNativeTarget "ToDoListTests" */;
			buildPhases = (
				FCEDDAD22AC7BA3B00CFE199 /* Sources */,
				FCEDDAD32AC7BA3B00CFE199 /* Frameworks */,
				FCEDDAD42AC7BA3B00CFE199 /* Resources */,
			);
			buildRules = (
			);
			dependencies = (
				FCEDDADB2AC7BA3B00CFE199 /* PBXTargetDependency */,
			);
			name = ToDoListTests;
			productName = ToDoListTests;
			productReference = FCEDDAD62AC7BA3B00CFE199 /* ToDoListTests.xctest */;
			productType = "com.apple.product-type.bundle.unit-test";
		};
/* End PBXNativeTarget section */

/* Begin PBXProject section */
		FCEDDA7B2AC7B1E400CFE199 /* Project object */ = {
			isa = PBXProject;
			attributes = {
				BuildIndependentTargetsInParallel = 1;
				LastSwiftUpdateCheck = 1500;
				LastUpgradeCheck = 1500;
				TargetAttributes = {
					FCEDDA822AC7B1E400CFE199 = {
						CreatedOnToolsVersion = 15.0;
					};
					FCEDDAD52AC7BA3B00CFE199 = {
						CreatedOnToolsVersion = 15.0;
						TestTargetID = FCEDDA822AC7B1E400CFE199;
					};
				};
			};
			buildConfigurationList = FCEDDA7E2AC7B1E400CFE199 /* Build configuration list for PBXProject "ToDoList" */;
			compatibilityVersion = "Xcode 14.0";
			developmentRegion = en;
			hasScannedForEncodings = 0;
			knownRegions = (
				en,
				Base,
			);
			mainGroup = FCEDDA7A2AC7B1E400CFE199;
			packageReferences = (
				71FD4B7C2ADA22E4003F53A7 /* XCRemoteSwiftPackageReference "firebase-ios-sdk" */,
			);
			productRefGroup = FCEDDA842AC7B1E400CFE199 /* Products */;
			projectDirPath = "";
			projectRoot = "";
			targets = (
				FCEDDA822AC7B1E400CFE199 /* ToDoList */,
				FCEDDAD52AC7BA3B00CFE199 /* ToDoListTests */,
			);
		};
/* End PBXProject section */

/* Begin PBXResourcesBuildPhase section */
		FCEDDA812AC7B1E400CFE199 /* Resources */ = {
			isa = PBXResourcesBuildPhase;
			buildActionMask = 2147483647;
			files = (
				FCEDDA8E2AC7B1E700CFE199 /* Preview Assets.xcassets in Resources */,
				FCEDDACC2AC7B55B00CFE199 /* GoogleService-Info.plist in Resources */,
				71CF74122ADD83DD00449A4D /* Launch Screen.storyboard in Resources */,
				FCEDDA8B2AC7B1E700CFE199 /* Assets.xcassets in Resources */,
			);
			runOnlyForDeploymentPostprocessing = 0;
		};
		FCEDDAD42AC7BA3B00CFE199 /* Resources */ = {
			isa = PBXResourcesBuildPhase;
			buildActionMask = 2147483647;
			files = (
			);
			runOnlyForDeploymentPostprocessing = 0;
		};
/* End PBXResourcesBuildPhase section */

/* Begin PBXSourcesBuildPhase section */
		FCEDDA7F2AC7B1E400CFE199 /* Sources */ = {
			isa = PBXSourcesBuildPhase;
			buildActionMask = 2147483647;
			files = (
				71FD4B8B2ADB736E003F53A7 /* LoginView.swift in Sources */,
				71FD4BA32ADB7680003F53A7 /* HeaderView.swift in Sources */,
				FCEDDA892AC7B1E400CFE199 /* MainView.swift in Sources */,
				71FD4B9F2ADB7429003F53A7 /* RegisterViewViewModel.swift in Sources */,
				71FD4B952ADB73F0003F53A7 /* MainViewViewModel.swift in Sources */,
				71FD4B872ADB7355003F53A7 /* ToDoListView.swift in Sources */,
				71FD4B8D2ADB7376003F53A7 /* RegisterView.swift in Sources */,
				71FD4BA52ADB7EAF003F53A7 /* TLButton.swift in Sources */,
				71FD4B972ADB73F9003F53A7 /* ProfileViewViewModel.swift in Sources */,
				71FD4B852ADB7339003F53A7 /* ProfileView.swift in Sources */,
				71FD4B912ADB73CB003F53A7 /* User.swift in Sources */,
				71FD4B8F2ADB7397003F53A7 /* ToDoListItemView.swift in Sources */,
				71FD4B992ADB7407003F53A7 /* ToDoListViewViewModel.swift in Sources */,
				71FD4B9D2ADB741E003F53A7 /* LoginViewViewModel.swift in Sources */,
				FCEDDA872AC7B1E400CFE199 /* ToDoListApp.swift in Sources */,
				71FD4BA72ADB8E1D003F53A7 /* Extensions.swift in Sources */,
				71FD4B932ADB73D3003F53A7 /* ToDoListItem.swift in Sources */,
				71FD4B892ADB7363003F53A7 /* NewItemView.swift in Sources */,
				71FD4B9B2ADB7414003F53A7 /* NewItemViewViewModel.swift in Sources */,
				71FD4BA12ADB7439003F53A7 /* ToDoListItemViewViewModel.swift in Sources */,
			);
			runOnlyForDeploymentPostprocessing = 0;
		};
		FCEDDAD22AC7BA3B00CFE199 /* Sources */ = {
			isa = PBXSourcesBuildPhase;
			buildActionMask = 2147483647;
			files = (
				FCEDDAD92AC7BA3B00CFE199 /* ToDoListTests.swift in Sources */,
			);
			runOnlyForDeploymentPostprocessing = 0;
		};
/* End PBXSourcesBuildPhase section */

/* Begin PBXTargetDependency section */
		FCEDDADB2AC7BA3B00CFE199 /* PBXTargetDependency */ = {
			isa = PBXTargetDependency;
			target = FCEDDA822AC7B1E400CFE199 /* ToDoList */;
			targetProxy = FCEDDADA2AC7BA3B00CFE199 /* PBXContainerItemProxy */;
		};
/* End PBXTargetDependency section */

/* Begin XCBuildConfiguration section */
		FCEDDA8F2AC7B1E700CFE199 /* Debug */ = {
			isa = XCBuildConfiguration;
			buildSettings = {
				ALWAYS_SEARCH_USER_PATHS = NO;
				ASSETCATALOG_COMPILER_GENERATE_SWIFT_ASSET_SYMBOL_EXTENSIONS = YES;
				CLANG_ANALYZER_NONNULL = YES;
				CLANG_ANALYZER_NUMBER_OBJECT_CONVERSION = YES_AGGRESSIVE;
				CLANG_CXX_LANGUAGE_STANDARD = "gnu++20";
				CLANG_ENABLE_MODULES = YES;
				CLANG_ENABLE_OBJC_ARC = YES;
				CLANG_ENABLE_OBJC_WEAK = YES;
				CLANG_WARN_BLOCK_CAPTURE_AUTORELEASING = YES;
				CLANG_WARN_BOOL_CONVERSION = YES;
				CLANG_WARN_COMMA = YES;
				CLANG_WARN_CONSTANT_CONVERSION = YES;
				CLANG_WARN_DEPRECATED_OBJC_IMPLEMENTATIONS = YES;
				CLANG_WARN_DIRECT_OBJC_ISA_USAGE = YES_ERROR;
				CLANG_WARN_DOCUMENTATION_COMMENTS = YES;
				CLANG_WARN_EMPTY_BODY = YES;
				CLANG_WARN_ENUM_CONVERSION = YES;
				CLANG_WARN_INFINITE_RECURSION = YES;
				CLANG_WARN_INT_CONVERSION = YES;
				CLANG_WARN_NON_LITERAL_NULL_CONVERSION = YES;
				CLANG_WARN_OBJC_IMPLICIT_RETAIN_SELF = YES;
				CLANG_WARN_OBJC_LITERAL_CONVERSION = YES;
				CLANG_WARN_OBJC_ROOT_CLASS = YES_ERROR;
				CLANG_WARN_QUOTED_INCLUDE_IN_FRAMEWORK_HEADER = YES;
				CLANG_WARN_RANGE_LOOP_ANALYSIS = YES;
				CLANG_WARN_STRICT_PROTOTYPES = YES;
				CLANG_WARN_SUSPICIOUS_MOVE = YES;
				CLANG_WARN_UNGUARDED_AVAILABILITY = YES_AGGRESSIVE;
				CLANG_WARN_UNREACHABLE_CODE = YES;
				CLANG_WARN__DUPLICATE_METHOD_MATCH = YES;
				COPY_PHASE_STRIP = NO;
				DEBUG_INFORMATION_FORMAT = dwarf;
				ENABLE_STRICT_OBJC_MSGSEND = YES;
				ENABLE_TESTABILITY = YES;
				ENABLE_USER_SCRIPT_SANDBOXING = YES;
				GCC_C_LANGUAGE_STANDARD = gnu17;
				GCC_DYNAMIC_NO_PIC = NO;
				GCC_NO_COMMON_BLOCKS = YES;
				GCC_OPTIMIZATION_LEVEL = 0;
				GCC_PREPROCESSOR_DEFINITIONS = (
					"DEBUG=1",
					"$(inherited)",
				);
				GCC_WARN_64_TO_32_BIT_CONVERSION = YES;
				GCC_WARN_ABOUT_RETURN_TYPE = YES_ERROR;
				GCC_WARN_UNDECLARED_SELECTOR = YES;
				GCC_WARN_UNINITIALIZED_AUTOS = YES_AGGRESSIVE;
				GCC_WARN_UNUSED_FUNCTION = YES;
				GCC_WARN_UNUSED_VARIABLE = YES;
				IPHONEOS_DEPLOYMENT_TARGET = 17.0;
				LOCALIZATION_PREFERS_STRING_CATALOGS = YES;
				MTL_ENABLE_DEBUG_INFO = INCLUDE_SOURCE;
				MTL_FAST_MATH = YES;
				ONLY_ACTIVE_ARCH = YES;
				SDKROOT = iphoneos;
				SWIFT_ACTIVE_COMPILATION_CONDITIONS = "DEBUG $(inherited)";
				SWIFT_OPTIMIZATION_LEVEL = "-Onone";
			};
			name = Debug;
		};
		FCEDDA902AC7B1E700CFE199 /* Release */ = {
			isa = XCBuildConfiguration;
			buildSettings = {
				ALWAYS_SEARCH_USER_PATHS = NO;
				ASSETCATALOG_COMPILER_GENERATE_SWIFT_ASSET_SYMBOL_EXTENSIONS = YES;
				CLANG_ANALYZER_NONNULL = YES;
				CLANG_ANALYZER_NUMBER_OBJECT_CONVERSION = YES_AGGRESSIVE;
				CLANG_CXX_LANGUAGE_STANDARD = "gnu++20";
				CLANG_ENABLE_MODULES = YES;
				CLANG_ENABLE_OBJC_ARC = YES;
				CLANG_ENABLE_OBJC_WEAK = YES;
				CLANG_WARN_BLOCK_CAPTURE_AUTORELEASING = YES;
				CLANG_WARN_BOOL_CONVERSION = YES;
				CLANG_WARN_COMMA = YES;
				CLANG_WARN_CONSTANT_CONVERSION = YES;
				CLANG_WARN_DEPRECATED_OBJC_IMPLEMENTATIONS = YES;
				CLANG_WARN_DIRECT_OBJC_ISA_USAGE = YES_ERROR;
				CLANG_WARN_DOCUMENTATION_COMMENTS = YES;
				CLANG_WARN_EMPTY_BODY = YES;
				CLANG_WARN_ENUM_CONVERSION = YES;
				CLANG_WARN_INFINITE_RECURSION = YES;
				CLANG_WARN_INT_CONVERSION = YES;
				CLANG_WARN_NON_LITERAL_NULL_CONVERSION = YES;
				CLANG_WARN_OBJC_IMPLICIT_RETAIN_SELF = YES;
				CLANG_WARN_OBJC_LITERAL_CONVERSION = YES;
				CLANG_WARN_OBJC_ROOT_CLASS = YES_ERROR;
				CLANG_WARN_QUOTED_INCLUDE_IN_FRAMEWORK_HEADER = YES;
				CLANG_WARN_RANGE_LOOP_ANALYSIS = YES;
				CLANG_WARN_STRICT_PROTOTYPES = YES;
				CLANG_WARN_SUSPICIOUS_MOVE = YES;
				CLANG_WARN_UNGUARDED_AVAILABILITY = YES_AGGRESSIVE;
				CLANG_WARN_UNREACHABLE_CODE = YES;
				CLANG_WARN__DUPLICATE_METHOD_MATCH = YES;
				COPY_PHASE_STRIP = NO;
				DEBUG_INFORMATION_FORMAT = "dwarf-with-dsym";
				ENABLE_NS_ASSERTIONS = NO;
				ENABLE_STRICT_OBJC_MSGSEND = YES;
				ENABLE_USER_SCRIPT_SANDBOXING = YES;
				GCC_C_LANGUAGE_STANDARD = gnu17;
				GCC_NO_COMMON_BLOCKS = YES;
				GCC_WARN_64_TO_32_BIT_CONVERSION = YES;
				GCC_WARN_ABOUT_RETURN_TYPE = YES_ERROR;
				GCC_WARN_UNDECLARED_SELECTOR = YES;
				GCC_WARN_UNINITIALIZED_AUTOS = YES_AGGRESSIVE;
				GCC_WARN_UNUSED_FUNCTION = YES;
				GCC_WARN_UNUSED_VARIABLE = YES;
				IPHONEOS_DEPLOYMENT_TARGET = 17.0;
				LOCALIZATION_PREFERS_STRING_CATALOGS = YES;
				MTL_ENABLE_DEBUG_INFO = NO;
				MTL_FAST_MATH = YES;
				SDKROOT = iphoneos;
				SWIFT_COMPILATION_MODE = wholemodule;
				VALIDATE_PRODUCT = YES;
			};
			name = Release;
		};
		FCEDDA922AC7B1E700CFE199 /* Debug */ = {
			isa = XCBuildConfiguration;
			buildSettings = {
				ASSETCATALOG_COMPILER_APPICON_NAME = AppIcon;
				ASSETCATALOG_COMPILER_GLOBAL_ACCENT_COLOR_NAME = AccentColor;
				CODE_SIGN_STYLE = Automatic;
				CURRENT_PROJECT_VERSION = 1;
				DEVELOPMENT_ASSET_PATHS = "\"ToDoList/Preview Content\"";
				DEVELOPMENT_TEAM = W4N727Z8DG;
				ENABLE_PREVIEWS = YES;
				GENERATE_INFOPLIST_FILE = YES;
				INFOPLIST_KEY_CFBundleDisplayName = ToDoList;
				INFOPLIST_KEY_UIApplicationSceneManifest_Generation = YES;
				INFOPLIST_KEY_UIApplicationSupportsIndirectInputEvents = YES;
				INFOPLIST_KEY_UILaunchScreen_Generation = YES;
				INFOPLIST_KEY_UILaunchStoryboardName = "Launch Screen.storyboard";
				INFOPLIST_KEY_UISupportedInterfaceOrientations = UIInterfaceOrientationPortrait;
				LD_RUNPATH_SEARCH_PATHS = (
					"$(inherited)",
					"@executable_path/Frameworks",
				);
				MARKETING_VERSION = 1.0;
				PRODUCT_BUNDLE_IDENTIFIER = com.khantzawwin.ToDoList;
				PRODUCT_NAME = "$(TARGET_NAME)";
				SWIFT_EMIT_LOC_STRINGS = YES;
				SWIFT_VERSION = 5.0;
				TARGETED_DEVICE_FAMILY = "1,2";
			};
			name = Debug;
		};
		FCEDDA932AC7B1E700CFE199 /* Release */ = {
			isa = XCBuildConfiguration;
			buildSettings = {
				ASSETCATALOG_COMPILER_APPICON_NAME = AppIcon;
				ASSETCATALOG_COMPILER_GLOBAL_ACCENT_COLOR_NAME = AccentColor;
				CODE_SIGN_STYLE = Automatic;
				CURRENT_PROJECT_VERSION = 1;
				DEVELOPMENT_ASSET_PATHS = "\"ToDoList/Preview Content\"";
				DEVELOPMENT_TEAM = W4N727Z8DG;
				ENABLE_PREVIEWS = YES;
				GENERATE_INFOPLIST_FILE = YES;
				INFOPLIST_KEY_CFBundleDisplayName = ToDoList;
				INFOPLIST_KEY_UIApplicationSceneManifest_Generation = YES;
				INFOPLIST_KEY_UIApplicationSupportsIndirectInputEvents = YES;
				INFOPLIST_KEY_UILaunchScreen_Generation = YES;
				INFOPLIST_KEY_UILaunchStoryboardName = "Launch Screen.storyboard";
				INFOPLIST_KEY_UISupportedInterfaceOrientations = UIInterfaceOrientationPortrait;
				LD_RUNPATH_SEARCH_PATHS = (
					"$(inherited)",
					"@executable_path/Frameworks",
				);
				MARKETING_VERSION = 1.0;
				PRODUCT_BUNDLE_IDENTIFIER = com.khantzawwin.ToDoList;
				PRODUCT_NAME = "$(TARGET_NAME)";
				SWIFT_EMIT_LOC_STRINGS = YES;
				SWIFT_VERSION = 5.0;
				TARGETED_DEVICE_FAMILY = "1,2";
			};
			name = Release;
		};
		FCEDDADD2AC7BA3B00CFE199 /* Debug */ = {
			isa = XCBuildConfiguration;
			buildSettings = {
				BUNDLE_LOADER = "$(TEST_HOST)";
				CODE_SIGN_STYLE = Automatic;
				CURRENT_PROJECT_VERSION = 1;
				DEVELOPMENT_TEAM = W4N727Z8DG;
				GENERATE_INFOPLIST_FILE = YES;
				MARKETING_VERSION = 1.0;
				PRODUCT_BUNDLE_IDENTIFIER = com.khantzawwin.ToDoListTests;
				PRODUCT_NAME = "$(TARGET_NAME)";
				SWIFT_EMIT_LOC_STRINGS = NO;
				SWIFT_VERSION = 5.0;
				TARGETED_DEVICE_FAMILY = "1,2";
				TEST_HOST = "$(BUILT_PRODUCTS_DIR)/ToDoList.app/$(BUNDLE_EXECUTABLE_FOLDER_PATH)/ToDoList";
			};
			name = Debug;
		};
		FCEDDADE2AC7BA3B00CFE199 /* Release */ = {
			isa = XCBuildConfiguration;
			buildSettings = {
				BUNDLE_LOADER = "$(TEST_HOST)";
				CODE_SIGN_STYLE = Automatic;
				CURRENT_PROJECT_VERSION = 1;
				DEVELOPMENT_TEAM = W4N727Z8DG;
				GENERATE_INFOPLIST_FILE = YES;
				MARKETING_VERSION = 1.0;
				PRODUCT_BUNDLE_IDENTIFIER = com.khantzawwin.ToDoListTests;
				PRODUCT_NAME = "$(TARGET_NAME)";
				SWIFT_EMIT_LOC_STRINGS = NO;
				SWIFT_VERSION = 5.0;
				TARGETED_DEVICE_FAMILY = "1,2";
				TEST_HOST = "$(BUILT_PRODUCTS_DIR)/ToDoList.app/$(BUNDLE_EXECUTABLE_FOLDER_PATH)/ToDoList";
			};
			name = Release;
		};
/* End XCBuildConfiguration section */

/* Begin XCConfigurationList section */
		FCEDDA7E2AC7B1E400CFE199 /* Build configuration list for PBXProject "ToDoList" */ = {
			isa = XCConfigurationList;
			buildConfigurations = (
				FCEDDA8F2AC7B1E700CFE199 /* Debug */,
				FCEDDA902AC7B1E700CFE199 /* Release */,
			);
			defaultConfigurationIsVisible = 0;
			defaultConfigurationName = Release;
		};
		FCEDDA912AC7B1E700CFE199 /* Build configuration list for PBXNativeTarget "ToDoList" */ = {
			isa = XCConfigurationList;
			buildConfigurations = (
				FCEDDA922AC7B1E700CFE199 /* Debug */,
				FCEDDA932AC7B1E700CFE199 /* Release */,
			);
			defaultConfigurationIsVisible = 0;
			defaultConfigurationName = Release;
		};
		FCEDDADC2AC7BA3B00CFE199 /* Build configuration list for PBXNativeTarget "ToDoListTests" */ = {
			isa = XCConfigurationList;
			buildConfigurations = (
				FCEDDADD2AC7BA3B00CFE199 /* Debug */,
				FCEDDADE2AC7BA3B00CFE199 /* Release */,
			);
			defaultConfigurationIsVisible = 0;
			defaultConfigurationName = Release;
		};
/* End XCConfigurationList section */

/* Begin XCRemoteSwiftPackageReference section */
		71FD4B7C2ADA22E4003F53A7 /* XCRemoteSwiftPackageReference "firebase-ios-sdk" */ = {
			isa = XCRemoteSwiftPackageReference;
			repositoryURL = "https://github.com/firebase/firebase-ios-sdk";
			requirement = {
				kind = upToNextMajorVersion;
				minimumVersion = 10.16.0;
			};
		};
/* End XCRemoteSwiftPackageReference section */

/* Begin XCSwiftPackageProductDependency section */
		71FD4B7D2ADA22E4003F53A7 /* FirebaseAuth */ = {
			isa = XCSwiftPackageProductDependency;
			package = 71FD4B7C2ADA22E4003F53A7 /* XCRemoteSwiftPackageReference "firebase-ios-sdk" */;
			productName = FirebaseAuth;
		};
		71FD4B7F2ADA22E4003F53A7 /* FirebaseFirestore */ = {
			isa = XCSwiftPackageProductDependency;
			package = 71FD4B7C2ADA22E4003F53A7 /* XCRemoteSwiftPackageReference "firebase-ios-sdk" */;
			productName = FirebaseFirestore;
		};
		71FD4B812ADA22E4003F53A7 /* FirebaseFirestoreSwift */ = {
			isa = XCSwiftPackageProductDependency;
			package = 71FD4B7C2ADA22E4003F53A7 /* XCRemoteSwiftPackageReference "firebase-ios-sdk" */;
			productName = FirebaseFirestoreSwift;
		};
/* End XCSwiftPackageProductDependency section */
	};
	rootObject = FCEDDA7B2AC7B1E400CFE199 /* Project object */;
}
